
Microsoft Visual Studio Solution File, Format Version 12.00
Project("{2150E333-8FDC-42A3-9474-1A3956D46DE8}") = "Solution Items", "Solution Items", "{76210D86-4DFB-46D0-8A81-63B97A96812D}"
	ProjectSection(SolutionItems) = preProject
		README.md = README.md
		.gitignore = .gitignore
	EndProjectSection
EndProject
Project("{FAE04EC0-301F-11D3-BF4B-00C04F79EFBC}") = "ProductsSearch.Core", "ProductsSearch.Core\ProductsSearch.Core.csproj", "{353E76FB-3BDB-4F38-9320-821E6B6BF534}"
EndProject
Project("{FAE04EC0-301F-11D3-BF4B-00C04F79EFBC}") = "ProductsSearch.Api", "ProductsSearch.Api\ProductsSearch.Api.csproj", "{6D1F95C5-F5DF-4CD8-B8AE-E0EFCA894FC6}"
EndProject
Project("{FAE04EC0-301F-11D3-BF4B-00C04F79EFBC}") = "ProductsSearch.Repository", "ProductsSearch.Repository\ProductsSearch.Repository.csproj", "{5D351444-B1E6-4108-8FD9-2058AA60EC97}"
EndProject
Project("{FAE04EC0-301F-11D3-BF4B-00C04F79EFBC}") = "ProductsSearch.Services", "ProductsSearch.Services\ProductsSearch.Services.csproj", "{569ACFAE-848F-451D-A15B-DC4D977A83DD}"
EndProject
Project("{FAE04EC0-301F-11D3-BF4B-00C04F79EFBC}") = "ProductsSearch.Services.Tests", "ProductsSearch.Services.Tests\ProductsSearch.Services.Tests.csproj", "{DC95F262-C6D0-49B2-B6C0-7913CA56E2D8}"
EndProject
Global
	GlobalSection(SolutionConfigurationPlatforms) = preSolution
		Debug|Any CPU = Debug|Any CPU
		Release|Any CPU = Release|Any CPU
	EndGlobalSection
	GlobalSection(ProjectConfigurationPlatforms) = postSolution
		{353E76FB-3BDB-4F38-9320-821E6B6BF534}.Debug|Any CPU.ActiveCfg = Debug|Any CPU
		{353E76FB-3BDB-4F38-9320-821E6B6BF534}.Debug|Any CPU.Build.0 = Debug|Any CPU
		{353E76FB-3BDB-4F38-9320-821E6B6BF534}.Release|Any CPU.ActiveCfg = Release|Any CPU
		{353E76FB-3BDB-4F38-9320-821E6B6BF534}.Release|Any CPU.Build.0 = Release|Any CPU
		{6D1F95C5-F5DF-4CD8-B8AE-E0EFCA894FC6}.Debug|Any CPU.ActiveCfg = Debug|Any CPU
		{6D1F95C5-F5DF-4CD8-B8AE-E0EFCA894FC6}.Debug|Any CPU.Build.0 = Debug|Any CPU
		{6D1F95C5-F5DF-4CD8-B8AE-E0EFCA894FC6}.Release|Any CPU.ActiveCfg = Release|Any CPU
		{6D1F95C5-F5DF-4CD8-B8AE-E0EFCA894FC6}.Release|Any CPU.Build.0 = Release|Any CPU
		{5D351444-B1E6-4108-8FD9-2058AA60EC97}.Debug|Any CPU.ActiveCfg = Debug|Any CPU
		{5D351444-B1E6-4108-8FD9-2058AA60EC97}.Debug|Any CPU.Build.0 = Debug|Any CPU
		{5D351444-B1E6-4108-8FD9-2058AA60EC97}.Release|Any CPU.ActiveCfg = Release|Any CPU
		{5D351444-B1E6-4108-8FD9-2058AA60EC97}.Release|Any CPU.Build.0 = Release|Any CPU
		{569ACFAE-848F-451D-A15B-DC4D977A83DD}.Debug|Any CPU.ActiveCfg = Debug|Any CPU
		{569ACFAE-848F-451D-A15B-DC4D977A83DD}.Debug|Any CPU.Build.0 = Debug|Any CPU
		{569ACFAE-848F-451D-A15B-DC4D977A83DD}.Release|Any CPU.ActiveCfg = Release|Any CPU
		{569ACFAE-848F-451D-A15B-DC4D977A83DD}.Release|Any CPU.Build.0 = Release|Any CPU
		{DC95F262-C6D0-49B2-B6C0-7913CA56E2D8}.Debug|Any CPU.ActiveCfg = Debug|Any CPU
		{DC95F262-C6D0-49B2-B6C0-7913CA56E2D8}.Debug|Any CPU.Build.0 = Debug|Any CPU
		{DC95F262-C6D0-49B2-B6C0-7913CA56E2D8}.Release|Any CPU.ActiveCfg = Release|Any CPU
		{DC95F262-C6D0-49B2-B6C0-7913CA56E2D8}.Release|Any CPU.Build.0 = Release|Any CPU
	EndGlobalSection
EndGlobal
